
Microsoft Visual Studio Solution File, Format Version 12.00
# Visual Studio Version 17
VisualStudioVersion = 17.4.33403.182
MinimumVisualStudioVersion = 10.0.40219.1
Project("{FAE04EC0-301F-11D3-BF4B-00C04F79EFBC}") = "appPolimorfismoCS", "appPolimorfismoCS\appPolimorfismoCS.csproj", "{700B8664-6619-4F64-9ABE-8A381C724340}"
EndProject
Global
	GlobalSection(SolutionConfigurationPlatforms) = preSolution
		Debug|Any CPU = Debug|Any CPU
		Release|Any CPU = Release|Any CPU
	EndGlobalSection
	GlobalSection(ProjectConfigurationPlatforms) = postSolution
		{700B8664-6619-4F64-9ABE-8A381C724340}.Debug|Any CPU.ActiveCfg = Debug|Any CPU
		{700B8664-6619-4F64-9ABE-8A381C724340}.Debug|Any CPU.Build.0 = Debug|Any CPU
		{700B8664-6619-4F64-9ABE-8A381C724340}.Release|Any CPU.ActiveCfg = Release|Any CPU
		{700B8664-6619-4F64-9ABE-8A381C724340}.Release|Any CPU.Build.0 = Release|Any CPU
	EndGlobalSection
	GlobalSection(SolutionProperties) = preSolution
		HideSolutionNode = FALSE
	EndGlobalSection
	GlobalSection(ExtensibilityGlobals) = postSolution
		SolutionGuid = {B556802D-8BB5-4174-9CE0-79E5C7C3EA87}
	EndGlobalSection
EndGlobal
